
Microsoft Visual Studio Solution File, Format Version 12.00
# Visual Studio 2015
Project("{FAE04EC0-301F-11D3-BF4B-00C04F79EFBC}") = "The Rise of Valhalla 3D.Plugins", "The Rise of Valhalla 3D.Plugins.csproj", "{6E3E1725-44FA-DE9E-35F8-7A57AD368F56}"
EndProject
Project("{FAE04EC0-301F-11D3-BF4B-00C04F79EFBC}") = "The Rise of Valhalla 3D.Editor.Plugins", "The Rise of Valhalla 3D.Editor.Plugins.csproj", "{8CB4D70A-03EF-A4B6-6F1B-92B1CD1DC3FD}"
EndProject
Global
	GlobalSection(SolutionConfigurationPlatforms) = preSolution
		Debug|Any CPU = Debug|Any CPU
		Release|Any CPU = Release|Any CPU
	EndGlobalSection
	GlobalSection(ProjectConfigurationPlatforms) = postSolution
		{6E3E1725-44FA-DE9E-35F8-7A57AD368F56}.Debug|Any CPU.ActiveCfg = Debug|Any CPU
		{6E3E1725-44FA-DE9E-35F8-7A57AD368F56}.Debug|Any CPU.Build.0 = Debug|Any CPU
		{6E3E1725-44FA-DE9E-35F8-7A57AD368F56}.Release|Any CPU.ActiveCfg = Release|Any CPU
		{6E3E1725-44FA-DE9E-35F8-7A57AD368F56}.Release|Any CPU.Build.0 = Release|Any CPU
		{8CB4D70A-03EF-A4B6-6F1B-92B1CD1DC3FD}.Debug|Any CPU.ActiveCfg = Debug|Any CPU
		{8CB4D70A-03EF-A4B6-6F1B-92B1CD1DC3FD}.Debug|Any CPU.Build.0 = Debug|Any CPU
		{8CB4D70A-03EF-A4B6-6F1B-92B1CD1DC3FD}.Release|Any CPU.ActiveCfg = Release|Any CPU
		{8CB4D70A-03EF-A4B6-6F1B-92B1CD1DC3FD}.Release|Any CPU.Build.0 = Release|Any CPU
	EndGlobalSection
	GlobalSection(SolutionProperties) = preSolution
		HideSolutionNode = FALSE
	EndGlobalSection
EndGlobal
